// !$*UTF8*$!
{
	archiveVersion = 1;
	classes = {
	};
	objectVersion = 50;
	objects = {

/* Begin PBXBuildFile section */
		F87DBD83214C8AD4005E9984 /* AppDelegate.swift in Sources */ = {isa = PBXBuildFile; fileRef = F87DBD82214C8AD4005E9984 /* AppDelegate.swift */; };
		F87DBD85214C8AD4005E9984 /* ViewController.swift in Sources */ = {isa = PBXBuildFile; fileRef = F87DBD84214C8AD4005E9984 /* ViewController.swift */; };
		F87DBD88214C8AD4005E9984 /* Main.storyboard in Resources */ = {isa = PBXBuildFile; fileRef = F87DBD86214C8AD4005E9984 /* Main.storyboard */; };
		F87DBD8A214C8AD5005E9984 /* Assets.xcassets in Resources */ = {isa = PBXBuildFile; fileRef = F87DBD89214C8AD5005E9984 /* Assets.xcassets */; };
		F87DBD8D214C8AD5005E9984 /* LaunchScreen.storyboard in Resources */ = {isa = PBXBuildFile; fileRef = F87DBD8B214C8AD5005E9984 /* LaunchScreen.storyboard */; };
		F87DBD98214C8AD5005E9984 /* YelpTests.swift in Sources */ = {isa = PBXBuildFile; fileRef = F87DBD97214C8AD5005E9984 /* YelpTests.swift */; };
		F87DBDA3214C8AD6005E9984 /* YelpUITests.swift in Sources */ = {isa = PBXBuildFile; fileRef = F87DBDA2214C8AD6005E9984 /* YelpUITests.swift */; };
/* End PBXBuildFile section */

/* Begin PBXContainerItemProxy section */
		F87DBD94214C8AD5005E9984 /* PBXContainerItemProxy */ = {
			isa = PBXContainerItemProxy;
			containerPortal = F87DBD77214C8AD4005E9984 /* Project object */;
			proxyType = 1;
			remoteGlobalIDString = F87DBD7E214C8AD4005E9984;
			remoteInfo = Yelp;
		};
		F87DBD9F214C8AD6005E9984 /* PBXContainerItemProxy */ = {
			isa = PBXContainerItemProxy;
			containerPortal = F87DBD77214C8AD4005E9984 /* Project object */;
			proxyType = 1;
			remoteGlobalIDString = F87DBD7E214C8AD4005E9984;
			remoteInfo = Yelp;
		};
/* End PBXContainerItemProxy section */

/* Begin PBXFileReference section */
		F87DBD7F214C8AD4005E9984 /* Yelp.app */ = {isa = PBXFileReference; explicitFileType = wrapper.application; includeInIndex = 0; path = Yelp.app; sourceTree = BUILT_PRODUCTS_DIR; };
		F87DBD82214C8AD4005E9984 /* AppDelegate.swift */ = {isa = PBXFileReference; lastKnownFileType = sourcecode.swift; path = AppDelegate.swift; sourceTree = "<group>"; };
		F87DBD84214C8AD4005E9984 /* ViewController.swift */ = {isa = PBXFileReference; lastKnownFileType = sourcecode.swift; path = ViewController.swift; sourceTree = "<group>"; };
		F87DBD87214C8AD4005E9984 /* Base */ = {isa = PBXFileReference; lastKnownFileType = file.storyboard; name = Base; path = Base.lproj/Main.storyboard; sourceTree = "<group>"; };
		F87DBD89214C8AD5005E9984 /* Assets.xcassets */ = {isa = PBXFileReference; lastKnownFileType = folder.assetcatalog; path = Assets.xcassets; sourceTree = "<group>"; };
		F87DBD8C214C8AD5005E9984 /* Base */ = {isa = PBXFileReference; lastKnownFileType = file.storyboard; name = Base; path = Base.lproj/LaunchScreen.storyboard; sourceTree = "<group>"; };
		F87DBD8E214C8AD5005E9984 /* Info.plist */ = {isa = PBXFileReference; lastKnownFileType = text.plist.xml; path = Info.plist; sourceTree = "<group>"; };
		F87DBD93214C8AD5005E9984 /* YelpTests.xctest */ = {isa = PBXFileReference; explicitFileType = wrapper.cfbundle; includeInIndex = 0; path = YelpTests.xctest; sourceTree = BUILT_PRODUCTS_DIR; };
		F87DBD97214C8AD5005E9984 /* YelpTests.swift */ = {isa = PBXFileReference; lastKnownFileType = sourcecode.swift; path = YelpTests.swift; sourceTree = "<group>"; };
		F87DBD99214C8AD6005E9984 /* Info.plist */ = {isa = PBXFileReference; lastKnownFileType = text.plist.xml; path = Info.plist; sourceTree = "<group>"; };
		F87DBD9E214C8AD6005E9984 /* YelpUITests.xctest */ = {isa = PBXFileReference; explicitFileType = wrapper.cfbundle; includeInIndex = 0; path = YelpUITests.xctest; sourceTree = BUILT_PRODUCTS_DIR; };
		F87DBDA2214C8AD6005E9984 /* YelpUITests.swift */ = {isa = PBXFileReference; lastKnownFileType = sourcecode.swift; path = YelpUITests.swift; sourceTree = "<group>"; };
		F87DBDA4214C8AD6005E9984 /* Info.plist */ = {isa = PBXFileReference; lastKnownFileType = text.plist.xml; path = Info.plist; sourceTree = "<group>"; };
/* End PBXFileReference section */

/* Begin PBXFrameworksBuildPhase section */
		F87DBD7C214C8AD4005E9984 /* Frameworks */ = {
			isa = PBXFrameworksBuildPhase;
			buildActionMask = 2147483647;
			files = (
			);
			runOnlyForDeploymentPostprocessing = 0;
		};
		F87DBD90214C8AD5005E9984 /* Frameworks */ = {
			isa = PBXFrameworksBuildPhase;
			buildActionMask = 2147483647;
			files = (
			);
			runOnlyForDeploymentPostprocessing = 0;
		};
		F87DBD9B214C8AD6005E9984 /* Frameworks */ = {
			isa = PBXFrameworksBuildPhase;
			buildActionMask = 2147483647;
			files = (
			);
			runOnlyForDeploymentPostprocessing = 0;
		};
/* End PBXFrameworksBuildPhase section */

/* Begin PBXGroup section */
		F87DBD76214C8AD4005E9984 = {
			isa = PBXGroup;
			children = (
				F87DBD81214C8AD4005E9984 /* Yelp */,
				F87DBD96214C8AD5005E9984 /* YelpTests */,
				F87DBDA1214C8AD6005E9984 /* YelpUITests */,
				F87DBD80214C8AD4005E9984 /* Products */,
			);
			sourceTree = "<group>";
		};
		F87DBD80214C8AD4005E9984 /* Products */ = {
			isa = PBXGroup;
			children = (
				F87DBD7F214C8AD4005E9984 /* Yelp.app */,
				F87DBD93214C8AD5005E9984 /* YelpTests.xctest */,
				F87DBD9E214C8AD6005E9984 /* YelpUITests.xctest */,
			);
			name = Products;
			sourceTree = "<group>";
		};
		F87DBD81214C8AD4005E9984 /* Yelp */ = {
			isa = PBXGroup;
			children = (
				F87DBD82214C8AD4005E9984 /* AppDelegate.swift */,
				F87DBD84214C8AD4005E9984 /* ViewController.swift */,
				F87DBD86214C8AD4005E9984 /* Main.storyboard */,
				F87DBD89214C8AD5005E9984 /* Assets.xcassets */,
				F87DBD8B214C8AD5005E9984 /* LaunchScreen.storyboard */,
				F87DBD8E214C8AD5005E9984 /* Info.plist */,
			);
			path = Yelp;
			sourceTree = "<group>";
		};
		F87DBD96214C8AD5005E9984 /* YelpTests */ = {
			isa = PBXGroup;
			children = (
				F87DBD97214C8AD5005E9984 /* YelpTests.swift */,
				F87DBD99214C8AD6005E9984 /* Info.plist */,
			);
			path = YelpTests;
			sourceTree = "<group>";
		};
		F87DBDA1214C8AD6005E9984 /* YelpUITests */ = {
			isa = PBXGroup;
			children = (
				F87DBDA2214C8AD6005E9984 /* YelpUITests.swift */,
				F87DBDA4214C8AD6005E9984 /* Info.plist */,
			);
			path = YelpUITests;
			sourceTree = "<group>";
		};
/* End PBXGroup section */

/* Begin PBXNativeTarget section */
		F87DBD7E214C8AD4005E9984 /* Yelp */ = {
			isa = PBXNativeTarget;
			buildConfigurationList = F87DBDA7214C8AD6005E9984 /* Build configuration list for PBXNativeTarget "Yelp" */;
			buildPhases = (
				F87DBD7B214C8AD4005E9984 /* Sources */,
				F87DBD7C214C8AD4005E9984 /* Frameworks */,
				F87DBD7D214C8AD4005E9984 /* Resources */,
			);
			buildRules = (
			);
			dependencies = (
			);
			name = Yelp;
			productName = Yelp;
			productReference = F87DBD7F214C8AD4005E9984 /* Yelp.app */;
			productType = "com.apple.product-type.application";
		};
		F87DBD92214C8AD5005E9984 /* YelpTests */ = {
			isa = PBXNativeTarget;
			buildConfigurationList = F87DBDAA214C8AD6005E9984 /* Build configuration list for PBXNativeTarget "YelpTests" */;
			buildPhases = (
				F87DBD8F214C8AD5005E9984 /* Sources */,
				F87DBD90214C8AD5005E9984 /* Frameworks */,
				F87DBD91214C8AD5005E9984 /* Resources */,
			);
			buildRules = (
			);
			dependencies = (
				F87DBD95214C8AD5005E9984 /* PBXTargetDependency */,
			);
			name = YelpTests;
			productName = YelpTests;
			productReference = F87DBD93214C8AD5005E9984 /* YelpTests.xctest */;
			productType = "com.apple.product-type.bundle.unit-test";
		};
		F87DBD9D214C8AD6005E9984 /* YelpUITests */ = {
			isa = PBXNativeTarget;
			buildConfigurationList = F87DBDAD214C8AD6005E9984 /* Build configuration list for PBXNativeTarget "YelpUITests" */;
			buildPhases = (
				F87DBD9A214C8AD6005E9984 /* Sources */,
				F87DBD9B214C8AD6005E9984 /* Frameworks */,
				F87DBD9C214C8AD6005E9984 /* Resources */,
			);
			buildRules = (
			);
			dependencies = (
				F87DBDA0214C8AD6005E9984 /* PBXTargetDependency */,
			);
			name = YelpUITests;
			productName = YelpUITests;
			productReference = F87DBD9E214C8AD6005E9984 /* YelpUITests.xctest */;
			productType = "com.apple.product-type.bundle.ui-testing";
		};
/* End PBXNativeTarget section */

/* Begin PBXProject section */
		F87DBD77214C8AD4005E9984 /* Project object */ = {
			isa = PBXProject;
			attributes = {
				LastSwiftUpdateCheck = 0930;
				LastUpgradeCheck = 0930;
				ORGANIZATIONNAME = Gordon;
				TargetAttributes = {
					F87DBD7E214C8AD4005E9984 = {
						CreatedOnToolsVersion = 9.3;
					};
					F87DBD92214C8AD5005E9984 = {
						CreatedOnToolsVersion = 9.3;
						TestTargetID = F87DBD7E214C8AD4005E9984;
					};
					F87DBD9D214C8AD6005E9984 = {
						CreatedOnToolsVersion = 9.3;
						TestTargetID = F87DBD7E214C8AD4005E9984;
					};
				};
			};
			buildConfigurationList = F87DBD7A214C8AD4005E9984 /* Build configuration list for PBXProject "Yelp" */;
			compatibilityVersion = "Xcode 9.3";
			developmentRegion = en;
			hasScannedForEncodings = 0;
			knownRegions = (
				en,
				Base,
			);
			mainGroup = F87DBD76214C8AD4005E9984;
			productRefGroup = F87DBD80214C8AD4005E9984 /* Products */;
			projectDirPath = "";
			projectRoot = "";
			targets = (
				F87DBD7E214C8AD4005E9984 /* Yelp */,
				F87DBD92214C8AD5005E9984 /* YelpTests */,
				F87DBD9D214C8AD6005E9984 /* YelpUITests */,
			);
		};
/* End PBXProject section */

/* Begin PBXResourcesBuildPhase section */
		F87DBD7D214C8AD4005E9984 /* Resources */ = {
			isa = PBXResourcesBuildPhase;
			buildActionMask = 2147483647;
			files = (
				F87DBD8D214C8AD5005E9984 /* LaunchScreen.storyboard in Resources */,
				F87DBD8A214C8AD5005E9984 /* Assets.xcassets in Resources */,
				F87DBD88214C8AD4005E9984 /* Main.storyboard in Resources */,
			);
			runOnlyForDeploymentPostprocessing = 0;
		};
		F87DBD91214C8AD5005E9984 /* Resources */ = {
			isa = PBXResourcesBuildPhase;
			buildActionMask = 2147483647;
			files = (
			);
			runOnlyForDeploymentPostprocessing = 0;
		};
		F87DBD9C214C8AD6005E9984 /* Resources */ = {
			isa = PBXResourcesBuildPhase;
			buildActionMask = 2147483647;
			files = (
			);
			runOnlyForDeploymentPostprocessing = 0;
		};
/* End PBXResourcesBuildPhase section */

/* Begin PBXSourcesBuildPhase section */
		F87DBD7B214C8AD4005E9984 /* Sources */ = {
			isa = PBXSourcesBuildPhase;
			buildActionMask = 2147483647;
			files = (
				F87DBD85214C8AD4005E9984 /* ViewController.swift in Sources */,
				F87DBD83214C8AD4005E9984 /* AppDelegate.swift in Sources */,
			);
			runOnlyForDeploymentPostprocessing = 0;
		};
		F87DBD8F214C8AD5005E9984 /* Sources */ = {
			isa = PBXSourcesBuildPhase;
			buildActionMask = 2147483647;
			files = (
				F87DBD98214C8AD5005E9984 /* YelpTests.swift in Sources */,
			);
			runOnlyForDeploymentPostprocessing = 0;
		};
		F87DBD9A214C8AD6005E9984 /* Sources */ = {
			isa = PBXSourcesBuildPhase;
			buildActionMask = 2147483647;
			files = (
				F87DBDA3214C8AD6005E9984 /* YelpUITests.swift in Sources */,
			);
			runOnlyForDeploymentPostprocessing = 0;
		};
/* End PBXSourcesBuildPhase section */

/* Begin PBXTargetDependency section */
		F87DBD95214C8AD5005E9984 /* PBXTargetDependency */ = {
			isa = PBXTargetDependency;
			target = F87DBD7E214C8AD4005E9984 /* Yelp */;
			targetProxy = F87DBD94214C8AD5005E9984 /* PBXContainerItemProxy */;
		};
		F87DBDA0214C8AD6005E9984 /* PBXTargetDependency */ = {
			isa = PBXTargetDependency;
			target = F87DBD7E214C8AD4005E9984 /* Yelp */;
			targetProxy = F87DBD9F214C8AD6005E9984 /* PBXContainerItemProxy */;
		};
/* End PBXTargetDependency section */

/* Begin PBXVariantGroup section */
		F87DBD86214C8AD4005E9984 /* Main.storyboard */ = {
			isa = PBXVariantGroup;
			children = (
				F87DBD87214C8AD4005E9984 /* Base */,
			);
			name = Main.storyboard;
			sourceTree = "<group>";
		};
		F87DBD8B214C8AD5005E9984 /* LaunchScreen.storyboard */ = {
			isa = PBXVariantGroup;
			children = (
				F87DBD8C214C8AD5005E9984 /* Base */,
			);
			name = LaunchScreen.storyboard;
			sourceTree = "<group>";
		};
/* End PBXVariantGroup section */

/* Begin XCBuildConfiguration section */
		F87DBDA5214C8AD6005E9984 /* Debug */ = {
			isa = XCBuildConfiguration;
			buildSettings = {
				ALWAYS_SEARCH_USER_PATHS = NO;
				CLANG_ANALYZER_NONNULL = YES;
				CLANG_ANALYZER_NUMBER_OBJECT_CONVERSION = YES_AGGRESSIVE;
				CLANG_CXX_LANGUAGE_STANDARD = "gnu++14";
				CLANG_CXX_LIBRARY = "libc++";
				CLANG_ENABLE_MODULES = YES;
				CLANG_ENABLE_OBJC_ARC = YES;
				CLANG_ENABLE_OBJC_WEAK = YES;
				CLANG_WARN_BLOCK_CAPTURE_AUTORELEASING = YES;
				CLANG_WARN_BOOL_CONVERSION = YES;
				CLANG_WARN_COMMA = YES;
				CLANG_WARN_CONSTANT_CONVERSION = YES;
				CLANG_WARN_DEPRECATED_OBJC_IMPLEMENTATIONS = YES;
				CLANG_WARN_DIRECT_OBJC_ISA_USAGE = YES_ERROR;
				CLANG_WARN_DOCUMENTATION_COMMENTS = YES;
				CLANG_WARN_EMPTY_BODY = YES;
				CLANG_WARN_ENUM_CONVERSION = YES;
				CLANG_WARN_INFINITE_RECURSION = YES;
				CLANG_WARN_INT_CONVERSION = YES;
				CLANG_WARN_NON_LITERAL_NULL_CONVERSION = YES;
				CLANG_WARN_OBJC_IMPLICIT_RETAIN_SELF = YES;
				CLANG_WARN_OBJC_LITERAL_CONVERSION = YES;
				CLANG_WARN_OBJC_ROOT_CLASS = YES_ERROR;
				CLANG_WARN_RANGE_LOOP_ANALYSIS = YES;
				CLANG_WARN_STRICT_PROTOTYPES = YES;
				CLANG_WARN_SUSPICIOUS_MOVE = YES;
				CLANG_WARN_UNGUARDED_AVAILABILITY = YES_AGGRESSIVE;
				CLANG_WARN_UNREACHABLE_CODE = YES;
				CLANG_WARN__DUPLICATE_METHOD_MATCH = YES;
				CODE_SIGN_IDENTITY = "iPhone Developer";
				COPY_PHASE_STRIP = NO;
				DEBUG_INFORMATION_FORMAT = dwarf;
				ENABLE_STRICT_OBJC_MSGSEND = YES;
				ENABLE_TESTABILITY = YES;
				GCC_C_LANGUAGE_STANDARD = gnu11;
				GCC_DYNAMIC_NO_PIC = NO;
				GCC_NO_COMMON_BLOCKS = YES;
				GCC_OPTIMIZATION_LEVEL = 0;
				GCC_PREPROCESSOR_DEFINITIONS = (
					"DEBUG=1",
					"$(inherited)",
				);
				GCC_WARN_64_TO_32_BIT_CONVERSION = YES;
				GCC_WARN_ABOUT_RETURN_TYPE = YES_ERROR;
				GCC_WARN_UNDECLARED_SELECTOR = YES;
				GCC_WARN_UNINITIALIZED_AUTOS = YES_AGGRESSIVE;
				GCC_WARN_UNUSED_FUNCTION = YES;
				GCC_WARN_UNUSED_VARIABLE = YES;
				IPHONEOS_DEPLOYMENT_TARGET = 11.3;
				MTL_ENABLE_DEBUG_INFO = YES;
				ONLY_ACTIVE_ARCH = YES;
				SDKROOT = iphoneos;
				SWIFT_ACTIVE_COMPILATION_CONDITIONS = DEBUG;
				SWIFT_OPTIMIZATION_LEVEL = "-Onone";
			};
			name = Debug;
		};
		F87DBDA6214C8AD6005E9984 /* Release */ = {
			isa = XCBuildConfiguration;
			buildSettings = {
				ALWAYS_SEARCH_USER_PATHS = NO;
				CLANG_ANALYZER_NONNULL = YES;
				CLANG_ANALYZER_NUMBER_OBJECT_CONVERSION = YES_AGGRESSIVE;
				CLANG_CXX_LANGUAGE_STANDARD = "gnu++14";
				CLANG_CXX_LIBRARY = "libc++";
				CLANG_ENABLE_MODULES = YES;
				CLANG_ENABLE_OBJC_ARC = YES;
				CLANG_ENABLE_OBJC_WEAK = YES;
				CLANG_WARN_BLOCK_CAPTURE_AUTORELEASING = YES;
				CLANG_WARN_BOOL_CONVERSION = YES;
				CLANG_WARN_COMMA = YES;
				CLANG_WARN_CONSTANT_CONVERSION = YES;
				CLANG_WARN_DEPRECATED_OBJC_IMPLEMENTATIONS = YES;
				CLANG_WARN_DIRECT_OBJC_ISA_USAGE = YES_ERROR;
				CLANG_WARN_DOCUMENTATION_COMMENTS = YES;
				CLANG_WARN_EMPTY_BODY = YES;
				CLANG_WARN_ENUM_CONVERSION = YES;
				CLANG_WARN_INFINITE_RECURSION = YES;
				CLANG_WARN_INT_CONVERSION = YES;
				CLANG_WARN_NON_LITERAL_NULL_CONVERSION = YES;
				CLANG_WARN_OBJC_IMPLICIT_RETAIN_SELF = YES;
				CLANG_WARN_OBJC_LITERAL_CONVERSION = YES;
				CLANG_WARN_OBJC_ROOT_CLASS = YES_ERROR;
				CLANG_WARN_RANGE_LOOP_ANALYSIS = YES;
				CLANG_WARN_STRICT_PROTOTYPES = YES;
				CLANG_WARN_SUSPICIOUS_MOVE = YES;
				CLANG_WARN_UNGUARDED_AVAILABILITY = YES_AGGRESSIVE;
				CLANG_WARN_UNREACHABLE_CODE = YES;
				CLANG_WARN__DUPLICATE_METHOD_MATCH = YES;
				CODE_SIGN_IDENTITY = "iPhone Developer";
				COPY_PHASE_STRIP = NO;
				DEBUG_INFORMATION_FORMAT = "dwarf-with-dsym";
				ENABLE_NS_ASSERTIONS = NO;
				ENABLE_STRICT_OBJC_MSGSEND = YES;
				GCC_C_LANGUAGE_STANDARD = gnu11;
				GCC_NO_COMMON_BLOCKS = YES;
				GCC_WARN_64_TO_32_BIT_CONVERSION = YES;
				GCC_WARN_ABOUT_RETURN_TYPE = YES_ERROR;
				GCC_WARN_UNDECLARED_SELECTOR = YES;
				GCC_WARN_UNINITIALIZED_AUTOS = YES_AGGRESSIVE;
				GCC_WARN_UNUSED_FUNCTION = YES;
				GCC_WARN_UNUSED_VARIABLE = YES;
				IPHONEOS_DEPLOYMENT_TARGET = 11.3;
				MTL_ENABLE_DEBUG_INFO = NO;
				SDKROOT = iphoneos;
				SWIFT_OPTIMIZATION_LEVEL = "-Owholemodule";
				VALIDATE_PRODUCT = YES;
			};
			name = Release;
		};
		F87DBDA8214C8AD6005E9984 /* Debug */ = {
			isa = XCBuildConfiguration;
			buildSettings = {
				ASSETCATALOG_COMPILER_APPICON_NAME = AppIcon;
				CODE_SIGN_STYLE = Automatic;
				INFOPLIST_FILE = Yelp/Info.plist;
				LD_RUNPATH_SEARCH_PATHS = (
					"$(inherited)",
					"@executable_path/Frameworks",
				);
				PRODUCT_BUNDLE_IDENTIFIER = Gordon.Yelp;
				PRODUCT_NAME = "$(TARGET_NAME)";
				SWIFT_VERSION = 4.0;
				TARGETED_DEVICE_FAMILY = "1,2";
			};
			name = Debug;
		};
		F87DBDA9214C8AD6005E9984 /* Release */ = {
			isa = XCBuildConfiguration;
			buildSettings = {
				ASSETCATALOG_COMPILER_APPICON_NAME = AppIcon;
				CODE_SIGN_STYLE = Automatic;
				INFOPLIST_FILE = Yelp/Info.plist;
				LD_RUNPATH_SEARCH_PATHS = (
					"$(inherited)",
					"@executable_path/Frameworks",
				);
				PRODUCT_BUNDLE_IDENTIFIER = Gordon.Yelp;
				PRODUCT_NAME = "$(TARGET_NAME)";
				SWIFT_VERSION = 4.0;
				TARGETED_DEVICE_FAMILY = "1,2";
			};
			name = Release;
		};
		F87DBDAB214C8AD6005E9984 /* Debug */ = {
			isa = XCBuildConfiguration;
			buildSettings = {
				ALWAYS_EMBED_SWIFT_STANDARD_LIBRARIES = YES;
				BUNDLE_LOADER = "$(TEST_HOST)";
				CODE_SIGN_STYLE = Automatic;
				INFOPLIST_FILE = YelpTests/Info.plist;
				LD_RUNPATH_SEARCH_PATHS = (
					"$(inherited)",
					"@executable_path/Frameworks",
					"@loader_path/Frameworks",
				);
				PRODUCT_BUNDLE_IDENTIFIER = Gordon.YelpTests;
				PRODUCT_NAME = "$(TARGET_NAME)";
				SWIFT_VERSION = 4.0;
				TARGETED_DEVICE_FAMILY = "1,2";
				TEST_HOST = "$(BUILT_PRODUCTS_DIR)/Yelp.app/Yelp";
			};
			name = Debug;
		};
		F87DBDAC214C8AD6005E9984 /* Release */ = {
			isa = XCBuildConfiguration;
			buildSettings = {
				ALWAYS_EMBED_SWIFT_STANDARD_LIBRARIES = YES;
				BUNDLE_LOADER = "$(TEST_HOST)";
				CODE_SIGN_STYLE = Automatic;
				INFOPLIST_FILE = YelpTests/Info.plist;
				LD_RUNPATH_SEARCH_PATHS = (
					"$(inherited)",
					"@executable_path/Frameworks",
					"@loader_path/Frameworks",
				);
				PRODUCT_BUNDLE_IDENTIFIER = Gordon.YelpTests;
				PRODUCT_NAME = "$(TARGET_NAME)";
				SWIFT_VERSION = 4.0;
				TARGETED_DEVICE_FAMILY = "1,2";
				TEST_HOST = "$(BUILT_PRODUCTS_DIR)/Yelp.app/Yelp";
			};
			name = Release;
		};
		F87DBDAE214C8AD6005E9984 /* Debug */ = {
			isa = XCBuildConfiguration;
			buildSettings = {
				ALWAYS_EMBED_SWIFT_STANDARD_LIBRARIES = YES;
				CODE_SIGN_STYLE = Automatic;
				INFOPLIST_FILE = YelpUITests/Info.plist;
				LD_RUNPATH_SEARCH_PATHS = (
					"$(inherited)",
					"@executable_path/Frameworks",
					"@loader_path/Frameworks",
				);
				PRODUCT_BUNDLE_IDENTIFIER = Gordon.YelpUITests;
				PRODUCT_NAME = "$(TARGET_NAME)";
				SWIFT_VERSION = 4.0;
				TARGETED_DEVICE_FAMILY = "1,2";
				TEST_TARGET_NAME = Yelp;
			};
			name = Debug;
		};
		F87DBDAF214C8AD6005E9984 /* Release */ = {
			isa = XCBuildConfiguration;
			buildSettings = {
				ALWAYS_EMBED_SWIFT_STANDARD_LIBRARIES = YES;
				CODE_SIGN_STYLE = Automatic;
				INFOPLIST_FILE = YelpUITests/Info.plist;
				LD_RUNPATH_SEARCH_PATHS = (
					"$(inherited)",
					"@executable_path/Frameworks",
					"@loader_path/Frameworks",
				);
				PRODUCT_BUNDLE_IDENTIFIER = Gordon.YelpUITests;
				PRODUCT_NAME = "$(TARGET_NAME)";
				SWIFT_VERSION = 4.0;
				TARGETED_DEVICE_FAMILY = "1,2";
				TEST_TARGET_NAME = Yelp;
			};
			name = Release;
		};
/* End XCBuildConfiguration section */

/* Begin XCConfigurationList section */
		F87DBD7A214C8AD4005E9984 /* Build configuration list for PBXProject "Yelp" */ = {
			isa = XCConfigurationList;
			buildConfigurations = (
				F87DBDA5214C8AD6005E9984 /* Debug */,
				F87DBDA6214C8AD6005E9984 /* Release */,
			);
			defaultConfigurationIsVisible = 0;
			defaultConfigurationName = Release;
		};
		F87DBDA7214C8AD6005E9984 /* Build configuration list for PBXNativeTarget "Yelp" */ = {
			isa = XCConfigurationList;
			buildConfigurations = (
				F87DBDA8214C8AD6005E9984 /* Debug */,
				F87DBDA9214C8AD6005E9984 /* Release */,
			);
			defaultConfigurationIsVisible = 0;
			defaultConfigurationName = Release;
		};
		F87DBDAA214C8AD6005E9984 /* Build configuration list for PBXNativeTarget "YelpTests" */ = {
			isa = XCConfigurationList;
			buildConfigurations = (
				F87DBDAB214C8AD6005E9984 /* Debug */,
				F87DBDAC214C8AD6005E9984 /* Release */,
			);
			defaultConfigurationIsVisible = 0;
			defaultConfigurationName = Release;
		};
		F87DBDAD214C8AD6005E9984 /* Build configuration list for PBXNativeTarget "YelpUITests" */ = {
			isa = XCConfigurationList;
			buildConfigurations = (
				F87DBDAE214C8AD6005E9984 /* Debug */,
				F87DBDAF214C8AD6005E9984 /* Release */,
			);
			defaultConfigurationIsVisible = 0;
			defaultConfigurationName = Release;
		};
/* End XCConfigurationList section */
	};
	rootObject = F87DBD77214C8AD4005E9984 /* Project object */;
}
